{
  "name": "adaptiveweb",
  "version": "1.0.0",
  "lockfileVersion": 1,
  "requires": true,
  "dependencies": {
    "@sentry/browser": {
      "version": "4.5.3",
      "resolved": "https://registry.npmjs.org/@sentry/browser/-/browser-4.5.3.tgz",
      "integrity": "sha512-ePbsyXtZS9jWM0lD8rxA46omJjJcQPaRZak08TyxFBGm1YOUFvvNAA6rNjUtK4fFEznLhPA5YcllcOCBE2bPPg==",
      "requires": {
        "@sentry/core": "4.5.3",
        "@sentry/types": "4.5.3",
        "@sentry/utils": "4.5.3",
        "tslib": "^1.9.3"
      }
    },
    "@sentry/core": {
      "version": "4.5.3",
      "resolved": "https://registry.npmjs.org/@sentry/core/-/core-4.5.3.tgz",
      "integrity": "sha512-off7XkyyiPXJTQ1XYPzxsY3zLHztMdK1kuIeHzyoIzu4kvs8H75eqou+fADo04JmfaMNy+OZSoW+5Aq2SZR2Ng==",
      "requires": {
        "@sentry/hub": "4.5.3",
        "@sentry/minimal": "4.5.3",
        "@sentry/types": "4.5.3",
        "@sentry/utils": "4.5.3",
        "tslib": "^1.9.3"
      }
    },
    "@sentry/hub": {
      "version": "4.5.3",
      "resolved": "https://registry.npmjs.org/@sentry/hub/-/hub-4.5.3.tgz",
      "integrity": "sha512-4b8oPVAGw/hf11CQN9J7hAk2wzD2HIZsQBl/PcB/p5r1UyHw8cibpVobJulkHJMBJMiZ/twIBGZ1G1qK3LJdhw==",
      "requires": {
        "@sentry/types": "4.5.3",
        "@sentry/utils": "4.5.3",
        "tslib": "^1.9.3"
      }
    },
    "@sentry/minimal": {
      "version": "4.5.3",
      "resolved": "https://registry.npmjs.org/@sentry/minimal/-/minimal-4.5.3.tgz",
      "integrity": "sha512-W9+eEZosoDKTAJkab/bxsSRim7I4lqeWHLhmCchDimKcdmpBzC+gOCT0PywwOWRLW08LhTHfmnNSAJv6PaZiCA==",
      "requires": {
        "@sentry/hub": "4.5.3",
        "@sentry/types": "4.5.3",
        "tslib": "^1.9.3"
      }
    },
    "@sentry/types": {
      "version": "4.5.3",
      "resolved": "https://registry.npmjs.org/@sentry/types/-/types-4.5.3.tgz",
      "integrity": "sha512-7ll1PAFNjrBNX9rzy3P2qAQrpQwHaDO3uKj735qsnGw34OtAS8Xr8WYrjI14f9fMPa/XIeWvMPb4GMic28V/ag=="
    },
    "@sentry/typescript": {
      "version": "4.5.3",
      "resolved": "https://registry.npmjs.org/@sentry/typescript/-/typescript-4.5.3.tgz",
      "integrity": "sha512-mDcMQ/FM2wiLAS76gIZ58HUnssHvYlyQY9Bk72WOoYalvAZjksi6fqIww+WVot9UComcRlOJXgJ2OF8Exo4yKw==",
      "dev": true,
      "requires": {
        "tslint-config-prettier": "^1.12.0"
      }
    },
    "@sentry/utils": {
      "version": "4.5.3",
      "resolved": "https://registry.npmjs.org/@sentry/utils/-/utils-4.5.3.tgz",
      "integrity": "sha512-yIYqnuq9cd9nAUJ2MPmq++Mgy81qB2fglsDB8TiBfk2eaba79qFcKp8xg3w3EMDHZMlfmlx4fkTmZJ/+V02oWQ==",
      "requires": {
        "@sentry/types": "4.5.3",
        "tslib": "^1.9.3"
      }
    },
    "@types/node": {
      "version": "10.12.18",
      "resolved": "https://registry.npmjs.org/@types/node/-/node-10.12.18.tgz",
      "integrity": "sha512-fh+pAqt4xRzPfqA6eh3Z2y6fyZavRIumvjhaCL753+TVkGKGhpPeyrJG2JftD0T9q4GF00KjefsQ+PQNDdWQaQ=="
    },
    "@types/uuid": {
      "version": "3.4.4",
      "resolved": "https://registry.npmjs.org/@types/uuid/-/uuid-3.4.4.tgz",
      "integrity": "sha512-tPIgT0GUmdJQNSHxp0X2jnpQfBSTfGxUMc/2CXBU2mnyTFVYVa2ojpoQ74w0U2yn2vw3jnC640+77lkFFpdVDw==",
      "requires": {
        "@types/node": "*"
      }
    },
    "tslib": {
      "version": "1.9.3",
      "resolved": "https://registry.npmjs.org/tslib/-/tslib-1.9.3.tgz",
      "integrity": "sha512-4krF8scpejhaOgqzBEcGM7yDIEfi0/8+8zDRZhNZZ2kjmHJ4hv3zCbQWxoJGz1iw5U0Jl0nma13xzHXcncMavQ=="
    },
    "tslint-config-prettier": {
      "version": "1.17.0",
      "resolved": "https://registry.npmjs.org/tslint-config-prettier/-/tslint-config-prettier-1.17.0.tgz",
      "integrity": "sha512-NKWNkThwqE4Snn4Cm6SZB7lV5RMDDFsBwz6fWUkTxOKGjMx8ycOHnjIbhn7dZd5XmssW3CwqUjlANR6EhP9YQw==",
      "dev": true
    },
    "typescript": {
      "version": "3.2.4",
      "resolved": "https://registry.npmjs.org/typescript/-/typescript-3.2.4.tgz",
      "integrity": "sha512-0RNDbSdEokBeEAkgNbxJ+BLwSManFy9TeXz8uW+48j/xhEXv1ePME60olyzw2XzUqUBNAYFeJadIqAgNqIACwg==",
      "dev": true
    }
  }
}
